
Microsoft Visual Studio Solution File, Format Version 12.00
# Visual Studio Version 17
VisualStudioVersion = 17.8.34601.278
MinimumVisualStudioVersion = 10.0.40219.1
Project("{888888A0-9F3D-457C-B088-3A5042F75D52}") = "FlaskWebProject1", "FlaskWebProject1\FlaskWebProject1.pyproj", "{12522ACC-9947-4295-835E-12EEBABAA447}"
EndProject
Global
	GlobalSection(SolutionConfigurationPlatforms) = preSolution
		Debug|Any CPU = Debug|Any CPU
		Release|Any CPU = Release|Any CPU
	EndGlobalSection
	GlobalSection(ProjectConfigurationPlatforms) = postSolution
		{12522ACC-9947-4295-835E-12EEBABAA447}.Debug|Any CPU.ActiveCfg = Debug|Any CPU
		{12522ACC-9947-4295-835E-12EEBABAA447}.Debug|Any CPU.Build.0 = Debug|Any CPU
		{12522ACC-9947-4295-835E-12EEBABAA447}.Release|Any CPU.ActiveCfg = Release|Any CPU
		{12522ACC-9947-4295-835E-12EEBABAA447}.Release|Any CPU.Build.0 = Release|Any CPU
	EndGlobalSection
	GlobalSection(SolutionProperties) = preSolution
		HideSolutionNode = FALSE
	EndGlobalSection
	GlobalSection(ExtensibilityGlobals) = postSolution
		SolutionGuid = {6131CB8F-161F-4682-913D-25DB47F63A31}
	EndGlobalSection
EndGlobal
